
Microsoft Visual Studio Solution File, Format Version 12.00
# Visual Studio Version 17
VisualStudioVersion = 17.5.33530.505
MinimumVisualStudioVersion = 10.0.40219.1
Project("{FAE04EC0-301F-11D3-BF4B-00C04F79EFBC}") = "estructurasAlternativas13", "estructurasAlternativas13.csproj", "{74F49E2F-4D9E-4ACA-A56D-60FED36268F0}"
EndProject
Global
	GlobalSection(SolutionConfigurationPlatforms) = preSolution
		Debug|Any CPU = Debug|Any CPU
		Release|Any CPU = Release|Any CPU
	EndGlobalSection
	GlobalSection(ProjectConfigurationPlatforms) = postSolution
		{74F49E2F-4D9E-4ACA-A56D-60FED36268F0}.Debug|Any CPU.ActiveCfg = Debug|Any CPU
		{74F49E2F-4D9E-4ACA-A56D-60FED36268F0}.Debug|Any CPU.Build.0 = Debug|Any CPU
		{74F49E2F-4D9E-4ACA-A56D-60FED36268F0}.Release|Any CPU.ActiveCfg = Release|Any CPU
		{74F49E2F-4D9E-4ACA-A56D-60FED36268F0}.Release|Any CPU.Build.0 = Release|Any CPU
	EndGlobalSection
	GlobalSection(SolutionProperties) = preSolution
		HideSolutionNode = FALSE
	EndGlobalSection
	GlobalSection(ExtensibilityGlobals) = postSolution
		SolutionGuid = {81824F15-A5B6-450A-8DEE-12DCC6F60C22}
	EndGlobalSection
EndGlobal
