
Microsoft Visual Studio Solution File, Format Version 12.00
# Visual Studio Version 17
VisualStudioVersion = 17.5.33530.505
MinimumVisualStudioVersion = 10.0.40219.1
Project("{FAE04EC0-301F-11D3-BF4B-00C04F79EFBC}") = "prOperadores5", "prOperadores5.csproj", "{0BFF33DB-BB7A-481E-AA24-B32A7697723F}"
EndProject
Global
	GlobalSection(SolutionConfigurationPlatforms) = preSolution
		Debug|Any CPU = Debug|Any CPU
		Release|Any CPU = Release|Any CPU
	EndGlobalSection
	GlobalSection(ProjectConfigurationPlatforms) = postSolution
		{0BFF33DB-BB7A-481E-AA24-B32A7697723F}.Debug|Any CPU.ActiveCfg = Debug|Any CPU
		{0BFF33DB-BB7A-481E-AA24-B32A7697723F}.Debug|Any CPU.Build.0 = Debug|Any CPU
		{0BFF33DB-BB7A-481E-AA24-B32A7697723F}.Release|Any CPU.ActiveCfg = Release|Any CPU
		{0BFF33DB-BB7A-481E-AA24-B32A7697723F}.Release|Any CPU.Build.0 = Release|Any CPU
	EndGlobalSection
	GlobalSection(SolutionProperties) = preSolution
		HideSolutionNode = FALSE
	EndGlobalSection
	GlobalSection(ExtensibilityGlobals) = postSolution
		SolutionGuid = {938E2E13-01B9-447A-A8DF-7EF108B96E26}
	EndGlobalSection
EndGlobal
