
Microsoft Visual Studio Solution File, Format Version 12.00
# Visual Studio Version 17
VisualStudioVersion = 17.5.33530.505
MinimumVisualStudioVersion = 10.0.40219.1
Project("{FAE04EC0-301F-11D3-BF4B-00C04F79EFBC}") = "prClima", "prClima.csproj", "{0500F085-CAB5-4B5A-B13C-470FE65EA76C}"
EndProject
Global
	GlobalSection(SolutionConfigurationPlatforms) = preSolution
		Debug|Any CPU = Debug|Any CPU
		Release|Any CPU = Release|Any CPU
	EndGlobalSection
	GlobalSection(ProjectConfigurationPlatforms) = postSolution
		{0500F085-CAB5-4B5A-B13C-470FE65EA76C}.Debug|Any CPU.ActiveCfg = Debug|Any CPU
		{0500F085-CAB5-4B5A-B13C-470FE65EA76C}.Debug|Any CPU.Build.0 = Debug|Any CPU
		{0500F085-CAB5-4B5A-B13C-470FE65EA76C}.Release|Any CPU.ActiveCfg = Release|Any CPU
		{0500F085-CAB5-4B5A-B13C-470FE65EA76C}.Release|Any CPU.Build.0 = Release|Any CPU
	EndGlobalSection
	GlobalSection(SolutionProperties) = preSolution
		HideSolutionNode = FALSE
	EndGlobalSection
	GlobalSection(ExtensibilityGlobals) = postSolution
		SolutionGuid = {BCAFC593-DE45-409F-A23A-E8E0ADE4A319}
	EndGlobalSection
EndGlobal
