
Microsoft Visual Studio Solution File, Format Version 12.00
# Visual Studio Version 17
VisualStudioVersion = 17.5.33530.505
MinimumVisualStudioVersion = 10.0.40219.1
Project("{FAE04EC0-301F-11D3-BF4B-00C04F79EFBC}") = "estructurasSecuenciales6", "estructurasSecuenciales6.csproj", "{AC616B25-4415-48D7-B0C6-2B9AAD8663C1}"
EndProject
Global
	GlobalSection(SolutionConfigurationPlatforms) = preSolution
		Debug|Any CPU = Debug|Any CPU
		Release|Any CPU = Release|Any CPU
	EndGlobalSection
	GlobalSection(ProjectConfigurationPlatforms) = postSolution
		{AC616B25-4415-48D7-B0C6-2B9AAD8663C1}.Debug|Any CPU.ActiveCfg = Debug|Any CPU
		{AC616B25-4415-48D7-B0C6-2B9AAD8663C1}.Debug|Any CPU.Build.0 = Debug|Any CPU
		{AC616B25-4415-48D7-B0C6-2B9AAD8663C1}.Release|Any CPU.ActiveCfg = Release|Any CPU
		{AC616B25-4415-48D7-B0C6-2B9AAD8663C1}.Release|Any CPU.Build.0 = Release|Any CPU
	EndGlobalSection
	GlobalSection(SolutionProperties) = preSolution
		HideSolutionNode = FALSE
	EndGlobalSection
	GlobalSection(ExtensibilityGlobals) = postSolution
		SolutionGuid = {EDA9952C-DAA3-411D-BBFB-17C54C1497AE}
	EndGlobalSection
EndGlobal
