
Microsoft Visual Studio Solution File, Format Version 12.00
# Visual Studio Version 17
VisualStudioVersion = 17.5.33530.505
MinimumVisualStudioVersion = 10.0.40219.1
Project("{FAE04EC0-301F-11D3-BF4B-00C04F79EFBC}") = "prConrolTimer2", "prConrolTimer2.csproj", "{38173266-4F7B-44D4-91E8-D07CD7090E87}"
EndProject
Global
	GlobalSection(SolutionConfigurationPlatforms) = preSolution
		Debug|Any CPU = Debug|Any CPU
		Release|Any CPU = Release|Any CPU
	EndGlobalSection
	GlobalSection(ProjectConfigurationPlatforms) = postSolution
		{38173266-4F7B-44D4-91E8-D07CD7090E87}.Debug|Any CPU.ActiveCfg = Debug|Any CPU
		{38173266-4F7B-44D4-91E8-D07CD7090E87}.Debug|Any CPU.Build.0 = Debug|Any CPU
		{38173266-4F7B-44D4-91E8-D07CD7090E87}.Release|Any CPU.ActiveCfg = Release|Any CPU
		{38173266-4F7B-44D4-91E8-D07CD7090E87}.Release|Any CPU.Build.0 = Release|Any CPU
	EndGlobalSection
	GlobalSection(SolutionProperties) = preSolution
		HideSolutionNode = FALSE
	EndGlobalSection
	GlobalSection(ExtensibilityGlobals) = postSolution
		SolutionGuid = {5C0FA1C3-56AD-4DF0-97FB-919DF930900A}
	EndGlobalSection
EndGlobal
